
Microsoft Visual Studio Solution File, Format Version 12.00
# Visual Studio Version 16
VisualStudioVersion = 16.0.30225.117
MinimumVisualStudioVersion = 10.0.40219.1
Project("{FAE04EC0-301F-11D3-BF4B-00C04F79EFBC}") = "Test", "Test\Test.csproj", "{000E27E0-7E0C-4F7C-B0EB-48E955EB542E}"
EndProject
Global
	GlobalSection(SolutionConfigurationPlatforms) = preSolution
		Debug|Any CPU = Debug|Any CPU
		Release|Any CPU = Release|Any CPU
	EndGlobalSection
	GlobalSection(ProjectConfigurationPlatforms) = postSolution
		{000E27E0-7E0C-4F7C-B0EB-48E955EB542E}.Debug|Any CPU.ActiveCfg = Debug|Any CPU
		{000E27E0-7E0C-4F7C-B0EB-48E955EB542E}.Debug|Any CPU.Build.0 = Debug|Any CPU
		{000E27E0-7E0C-4F7C-B0EB-48E955EB542E}.Release|Any CPU.ActiveCfg = Release|Any CPU
		{000E27E0-7E0C-4F7C-B0EB-48E955EB542E}.Release|Any CPU.Build.0 = Release|Any CPU
	EndGlobalSection
	GlobalSection(SolutionProperties) = preSolution
		HideSolutionNode = FALSE
	EndGlobalSection
	GlobalSection(ExtensibilityGlobals) = postSolution
		SolutionGuid = {E9500B7B-441A-4810-A252-E3E5AF7195F2}
	EndGlobalSection
EndGlobal
